
Microsoft Visual Studio Solution File, Format Version 12.00
# Visual Studio Version 17
VisualStudioVersion = 17.12.35527.113 d17.12
MinimumVisualStudioVersion = 10.0.40219.1
Project("{FAE04EC0-301F-11D3-BF4B-00C04F79EFBC}") = "NutritionPlanner.API", "NutritionPlanner\NutritionPlanner.API.csproj", "{60E289A7-1A00-4BCC-B183-C098CABB89EA}"
EndProject
Project("{FAE04EC0-301F-11D3-BF4B-00C04F79EFBC}") = "NutritionPlanner.DataAccess", "NutritionPlanner.DataAccess\NutritionPlanner.DataAccess.csproj", "{5FB10270-4EB2-4275-ACF9-AB37D7686AFB}"
EndProject
Project("{FAE04EC0-301F-11D3-BF4B-00C04F79EFBC}") = "NutritionPlanner.Application", "NutritionPlanner.Application\NutritionPlanner.Application.csproj", "{A0770F7A-33BE-4C10-82D5-258E06BBB6FC}"
EndProject
Project("{FAE04EC0-301F-11D3-BF4B-00C04F79EFBC}") = "NutritionPlanner.Core", "NutritionPlanner.Core\NutritionPlanner.Core.csproj", "{B7ADAB1B-DB1C-4094-AB9D-9AD06A8942F9}"
EndProject
Global
	GlobalSection(SolutionConfigurationPlatforms) = preSolution
		Debug|Any CPU = Debug|Any CPU
		Release|Any CPU = Release|Any CPU
	EndGlobalSection
	GlobalSection(ProjectConfigurationPlatforms) = postSolution
		{60E289A7-1A00-4BCC-B183-C098CABB89EA}.Debug|Any CPU.ActiveCfg = Debug|Any CPU
		{60E289A7-1A00-4BCC-B183-C098CABB89EA}.Debug|Any CPU.Build.0 = Debug|Any CPU
		{60E289A7-1A00-4BCC-B183-C098CABB89EA}.Release|Any CPU.ActiveCfg = Release|Any CPU
		{60E289A7-1A00-4BCC-B183-C098CABB89EA}.Release|Any CPU.Build.0 = Release|Any CPU
		{5FB10270-4EB2-4275-ACF9-AB37D7686AFB}.Debug|Any CPU.ActiveCfg = Debug|Any CPU
		{5FB10270-4EB2-4275-ACF9-AB37D7686AFB}.Debug|Any CPU.Build.0 = Debug|Any CPU
		{5FB10270-4EB2-4275-ACF9-AB37D7686AFB}.Release|Any CPU.ActiveCfg = Release|Any CPU
		{5FB10270-4EB2-4275-ACF9-AB37D7686AFB}.Release|Any CPU.Build.0 = Release|Any CPU
		{A0770F7A-33BE-4C10-82D5-258E06BBB6FC}.Debug|Any CPU.ActiveCfg = Debug|Any CPU
		{A0770F7A-33BE-4C10-82D5-258E06BBB6FC}.Debug|Any CPU.Build.0 = Debug|Any CPU
		{A0770F7A-33BE-4C10-82D5-258E06BBB6FC}.Release|Any CPU.ActiveCfg = Release|Any CPU
		{A0770F7A-33BE-4C10-82D5-258E06BBB6FC}.Release|Any CPU.Build.0 = Release|Any CPU
		{B7ADAB1B-DB1C-4094-AB9D-9AD06A8942F9}.Debug|Any CPU.ActiveCfg = Debug|Any CPU
		{B7ADAB1B-DB1C-4094-AB9D-9AD06A8942F9}.Debug|Any CPU.Build.0 = Debug|Any CPU
		{B7ADAB1B-DB1C-4094-AB9D-9AD06A8942F9}.Release|Any CPU.ActiveCfg = Release|Any CPU
		{B7ADAB1B-DB1C-4094-AB9D-9AD06A8942F9}.Release|Any CPU.Build.0 = Release|Any CPU
	EndGlobalSection
	GlobalSection(SolutionProperties) = preSolution
		HideSolutionNode = FALSE
	EndGlobalSection
EndGlobal
